
Microsoft Visual Studio Solution File, Format Version 12.00
# Visual Studio Version 17
VisualStudioVersion = 17.0.31919.166
MinimumVisualStudioVersion = 10.0.40219.1
Project("{FAE04EC0-301F-11D3-BF4B-00C04F79EFBC}") = "gambler", "gambler.csproj", "{A59B3A03-2CB9-43E3-B500-DCF19D7668FF}"
EndProject
Global
	GlobalSection(SolutionConfigurationPlatforms) = preSolution
		Debug|Any CPU = Debug|Any CPU
		Release|Any CPU = Release|Any CPU
	EndGlobalSection
	GlobalSection(ProjectConfigurationPlatforms) = postSolution
		{A59B3A03-2CB9-43E3-B500-DCF19D7668FF}.Debug|Any CPU.ActiveCfg = Debug|Any CPU
		{A59B3A03-2CB9-43E3-B500-DCF19D7668FF}.Debug|Any CPU.Build.0 = Debug|Any CPU
		{A59B3A03-2CB9-43E3-B500-DCF19D7668FF}.Release|Any CPU.ActiveCfg = Release|Any CPU
		{A59B3A03-2CB9-43E3-B500-DCF19D7668FF}.Release|Any CPU.Build.0 = Release|Any CPU
	EndGlobalSection
	GlobalSection(SolutionProperties) = preSolution
		HideSolutionNode = FALSE
	EndGlobalSection
	GlobalSection(ExtensibilityGlobals) = postSolution
		SolutionGuid = {AF94C289-2578-4963-A7D5-F792C30A2CA6}
	EndGlobalSection
EndGlobal
